// !$*UTF8*$!
{
	archiveVersion = 1;
	classes = {
	};
	objectVersion = 50;
	objects = {

/* Begin PBXBuildFile section */
		D0C6FEA521EEC790006000EF /* AppDelegate.m in Sources */ = {isa = PBXBuildFile; fileRef = D0C6FEA421EEC790006000EF /* AppDelegate.m */; };
		D0C6FEA821EEC790006000EF /* ViewController.m in Sources */ = {isa = PBXBuildFile; fileRef = D0C6FEA721EEC790006000EF /* ViewController.m */; };
		D0C6FEAB21EEC790006000EF /* Main.storyboard in Resources */ = {isa = PBXBuildFile; fileRef = D0C6FEA921EEC790006000EF /* Main.storyboard */; };
		D0C6FEAD21EEC791006000EF /* Assets.xcassets in Resources */ = {isa = PBXBuildFile; fileRef = D0C6FEAC21EEC791006000EF /* Assets.xcassets */; };
		D0C6FEB021EEC791006000EF /* LaunchScreen.storyboard in Resources */ = {isa = PBXBuildFile; fileRef = D0C6FEAE21EEC791006000EF /* LaunchScreen.storyboard */; };
		D0C6FEB321EEC791006000EF /* main.m in Sources */ = {isa = PBXBuildFile; fileRef = D0C6FEB221EEC791006000EF /* main.m */; };
		D0C6FEBB21EECD8E006000EF /* DrawView.m in Sources */ = {isa = PBXBuildFile; fileRef = D0C6FEBA21EECD8E006000EF /* DrawView.m */; };
		D0C6FEBE21EECE53006000EF /* MyBezierPath.m in Sources */ = {isa = PBXBuildFile; fileRef = D0C6FEBD21EECE53006000EF /* MyBezierPath.m */; };
/* End PBXBuildFile section */

/* Begin PBXFileReference section */
		D0C6FEA021EEC790006000EF /* 画板.app */ = {isa = PBXFileReference; explicitFileType = wrapper.application; includeInIndex = 0; path = "画板.app"; sourceTree = BUILT_PRODUCTS_DIR; };
		D0C6FEA321EEC790006000EF /* AppDelegate.h */ = {isa = PBXFileReference; lastKnownFileType = sourcecode.c.h; path = AppDelegate.h; sourceTree = "<group>"; };
		D0C6FEA421EEC790006000EF /* AppDelegate.m */ = {isa = PBXFileReference; lastKnownFileType = sourcecode.c.objc; path = AppDelegate.m; sourceTree = "<group>"; };
		D0C6FEA621EEC790006000EF /* ViewController.h */ = {isa = PBXFileReference; lastKnownFileType = sourcecode.c.h; path = ViewController.h; sourceTree = "<group>"; };
		D0C6FEA721EEC790006000EF /* ViewController.m */ = {isa = PBXFileReference; lastKnownFileType = sourcecode.c.objc; path = ViewController.m; sourceTree = "<group>"; };
		D0C6FEAA21EEC790006000EF /* Base */ = {isa = PBXFileReference; lastKnownFileType = file.storyboard; name = Base; path = Base.lproj/Main.storyboard; sourceTree = "<group>"; };
		D0C6FEAC21EEC791006000EF /* Assets.xcassets */ = {isa = PBXFileReference; lastKnownFileType = folder.assetcatalog; path = Assets.xcassets; sourceTree = "<group>"; };
		D0C6FEAF21EEC791006000EF /* Base */ = {isa = PBXFileReference; lastKnownFileType = file.storyboard; name = Base; path = Base.lproj/LaunchScreen.storyboard; sourceTree = "<group>"; };
		D0C6FEB121EEC791006000EF /* Info.plist */ = {isa = PBXFileReference; lastKnownFileType = text.plist.xml; path = Info.plist; sourceTree = "<group>"; };
		D0C6FEB221EEC791006000EF /* main.m */ = {isa = PBXFileReference; lastKnownFileType = sourcecode.c.objc; path = main.m; sourceTree = "<group>"; };
		D0C6FEB921EECD8E006000EF /* DrawView.h */ = {isa = PBXFileReference; lastKnownFileType = sourcecode.c.h; path = DrawView.h; sourceTree = "<group>"; };
		D0C6FEBA21EECD8E006000EF /* DrawView.m */ = {isa = PBXFileReference; lastKnownFileType = sourcecode.c.objc; path = DrawView.m; sourceTree = "<group>"; };
		D0C6FEBC21EECE53006000EF /* MyBezierPath.h */ = {isa = PBXFileReference; lastKnownFileType = sourcecode.c.h; path = MyBezierPath.h; sourceTree = "<group>"; };
		D0C6FEBD21EECE53006000EF /* MyBezierPath.m */ = {isa = PBXFileReference; lastKnownFileType = sourcecode.c.objc; path = MyBezierPath.m; sourceTree = "<group>"; };
/* End PBXFileReference section */

/* Begin PBXFrameworksBuildPhase section */
		D0C6FE9D21EEC790006000EF /* Frameworks */ = {
			isa = PBXFrameworksBuildPhase;
			buildActionMask = 2147483647;
			files = (
			);
			runOnlyForDeploymentPostprocessing = 0;
		};
/* End PBXFrameworksBuildPhase section */

/* Begin PBXGroup section */
		D0C6FE9721EEC790006000EF = {
			isa = PBXGroup;
			children = (
				D0C6FEA221EEC790006000EF /* 画板 */,
				D0C6FEA121EEC790006000EF /* Products */,
			);
			sourceTree = "<group>";
		};
		D0C6FEA121EEC790006000EF /* Products */ = {
			isa = PBXGroup;
			children = (
				D0C6FEA021EEC790006000EF /* 画板.app */,
			);
			name = Products;
			sourceTree = "<group>";
		};
		D0C6FEA221EEC790006000EF /* 画板 */ = {
			isa = PBXGroup;
			children = (
				D0C6FEA321EEC790006000EF /* AppDelegate.h */,
				D0C6FEA421EEC790006000EF /* AppDelegate.m */,
				D0C6FEA621EEC790006000EF /* ViewController.h */,
				D0C6FEA721EEC790006000EF /* ViewController.m */,
				D0C6FEA921EEC790006000EF /* Main.storyboard */,
				D0C6FEAC21EEC791006000EF /* Assets.xcassets */,
				D0C6FEAE21EEC791006000EF /* LaunchScreen.storyboard */,
				D0C6FEB121EEC791006000EF /* Info.plist */,
				D0C6FEB221EEC791006000EF /* main.m */,
				D0C6FEB921EECD8E006000EF /* DrawView.h */,
				D0C6FEBA21EECD8E006000EF /* DrawView.m */,
				D0C6FEBC21EECE53006000EF /* MyBezierPath.h */,
				D0C6FEBD21EECE53006000EF /* MyBezierPath.m */,
			);
			path = "画板";
			sourceTree = "<group>";
		};
/* End PBXGroup section */

/* Begin PBXNativeTarget section */
		D0C6FE9F21EEC790006000EF /* 画板 */ = {
			isa = PBXNativeTarget;
			buildConfigurationList = D0C6FEB621EEC791006000EF /* Build configuration list for PBXNativeTarget "画板" */;
			buildPhases = (
				D0C6FE9C21EEC790006000EF /* Sources */,
				D0C6FE9D21EEC790006000EF /* Frameworks */,
				D0C6FE9E21EEC790006000EF /* Resources */,
			);
			buildRules = (
			);
			dependencies = (
			);
			name = "画板";
			productName = "画板";
			productReference = D0C6FEA021EEC790006000EF /* 画板.app */;
			productType = "com.apple.product-type.application";
		};
/* End PBXNativeTarget section */

/* Begin PBXProject section */
		D0C6FE9821EEC790006000EF /* Project object */ = {
			isa = PBXProject;
			attributes = {
				LastUpgradeCheck = 1000;
				ORGANIZATIONNAME = root1;
				TargetAttributes = {
					D0C6FE9F21EEC790006000EF = {
						CreatedOnToolsVersion = 10.0;
					};
				};
			};
			buildConfigurationList = D0C6FE9B21EEC790006000EF /* Build configuration list for PBXProject "画板" */;
			compatibilityVersion = "Xcode 9.3";
			developmentRegion = en;
			hasScannedForEncodings = 0;
			knownRegions = (
				en,
				Base,
			);
			mainGroup = D0C6FE9721EEC790006000EF;
			productRefGroup = D0C6FEA121EEC790006000EF /* Products */;
			projectDirPath = "";
			projectRoot = "";
			targets = (
				D0C6FE9F21EEC790006000EF /* 画板 */,
			);
		};
/* End PBXProject section */

/* Begin PBXResourcesBuildPhase section */
		D0C6FE9E21EEC790006000EF /* Resources */ = {
			isa = PBXResourcesBuildPhase;
			buildActionMask = 2147483647;
			files = (
				D0C6FEB021EEC791006000EF /* LaunchScreen.storyboard in Resources */,
				D0C6FEAD21EEC791006000EF /* Assets.xcassets in Resources */,
				D0C6FEAB21EEC790006000EF /* Main.storyboard in Resources */,
			);
			runOnlyForDeploymentPostprocessing = 0;
		};
/* End PBXResourcesBuildPhase section */

/* Begin PBXSourcesBuildPhase section */
		D0C6FE9C21EEC790006000EF /* Sources */ = {
			isa = PBXSourcesBuildPhase;
			buildActionMask = 2147483647;
			files = (
				D0C6FEA821EEC790006000EF /* ViewController.m in Sources */,
				D0C6FEB321EEC791006000EF /* main.m in Sources */,
				D0C6FEBE21EECE53006000EF /* MyBezierPath.m in Sources */,
				D0C6FEBB21EECD8E006000EF /* DrawView.m in Sources */,
				D0C6FEA521EEC790006000EF /* AppDelegate.m in Sources */,
			);
			runOnlyForDeploymentPostprocessing = 0;
		};
/* End PBXSourcesBuildPhase section */

/* Begin PBXVariantGroup section */
		D0C6FEA921EEC790006000EF /* Main.storyboard */ = {
			isa = PBXVariantGroup;
			children = (
				D0C6FEAA21EEC790006000EF /* Base */,
			);
			name = Main.storyboard;
			sourceTree = "<group>";
		};
		D0C6FEAE21EEC791006000EF /* LaunchScreen.storyboard */ = {
			isa = PBXVariantGroup;
			children = (
				D0C6FEAF21EEC791006000EF /* Base */,
			);
			name = LaunchScreen.storyboard;
			sourceTree = "<group>";
		};
/* End PBXVariantGroup section */

/* Begin XCBuildConfiguration section */
		D0C6FEB421EEC791006000EF /* Debug */ = {
			isa = XCBuildConfiguration;
			buildSettings = {
				ALWAYS_SEARCH_USER_PATHS = NO;
				CLANG_ANALYZER_NONNULL = YES;
				CLANG_ANALYZER_NUMBER_OBJECT_CONVERSION = YES_AGGRESSIVE;
				CLANG_CXX_LANGUAGE_STANDARD = "gnu++14";
				CLANG_CXX_LIBRARY = "libc++";
				CLANG_ENABLE_MODULES = YES;
				CLANG_ENABLE_OBJC_ARC = YES;
				CLANG_ENABLE_OBJC_WEAK = YES;
				CLANG_WARN_BLOCK_CAPTURE_AUTORELEASING = YES;
				CLANG_WARN_BOOL_CONVERSION = YES;
				CLANG_WARN_COMMA = YES;
				CLANG_WARN_CONSTANT_CONVERSION = YES;
				CLANG_WARN_DEPRECATED_OBJC_IMPLEMENTATIONS = YES;
				CLANG_WARN_DIRECT_OBJC_ISA_USAGE = YES_ERROR;
				CLANG_WARN_DOCUMENTATION_COMMENTS = YES;
				CLANG_WARN_EMPTY_BODY = YES;
				CLANG_WARN_ENUM_CONVERSION = YES;
				CLANG_WARN_INFINITE_RECURSION = YES;
				CLANG_WARN_INT_CONVERSION = YES;
				CLANG_WARN_NON_LITERAL_NULL_CONVERSION = YES;
				CLANG_WARN_OBJC_IMPLICIT_RETAIN_SELF = YES;
				CLANG_WARN_OBJC_LITERAL_CONVERSION = YES;
				CLANG_WARN_OBJC_ROOT_CLASS = YES_ERROR;
				CLANG_WARN_RANGE_LOOP_ANALYSIS = YES;
				CLANG_WARN_STRICT_PROTOTYPES = YES;
				CLANG_WARN_SUSPICIOUS_MOVE = YES;
				CLANG_WARN_UNGUARDED_AVAILABILITY = YES_AGGRESSIVE;
				CLANG_WARN_UNREACHABLE_CODE = YES;
				CLANG_WARN__DUPLICATE_METHOD_MATCH = YES;
				CODE_SIGN_IDENTITY = "iPhone Developer";
				COPY_PHASE_STRIP = NO;
				DEBUG_INFORMATION_FORMAT = dwarf;
				ENABLE_STRICT_OBJC_MSGSEND = YES;
				ENABLE_TESTABILITY = YES;
				GCC_C_LANGUAGE_STANDARD = gnu11;
				GCC_DYNAMIC_NO_PIC = NO;
				GCC_NO_COMMON_BLOCKS = YES;
				GCC_OPTIMIZATION_LEVEL = 0;
				GCC_PREPROCESSOR_DEFINITIONS = (
					"DEBUG=1",
					"$(inherited)",
				);
				GCC_WARN_64_TO_32_BIT_CONVERSION = YES;
				GCC_WARN_ABOUT_RETURN_TYPE = YES_ERROR;
				GCC_WARN_UNDECLARED_SELECTOR = YES;
				GCC_WARN_UNINITIALIZED_AUTOS = YES_AGGRESSIVE;
				GCC_WARN_UNUSED_FUNCTION = YES;
				GCC_WARN_UNUSED_VARIABLE = YES;
				IPHONEOS_DEPLOYMENT_TARGET = 12.0;
				MTL_ENABLE_DEBUG_INFO = INCLUDE_SOURCE;
				MTL_FAST_MATH = YES;
				ONLY_ACTIVE_ARCH = YES;
				SDKROOT = iphoneos;
			};
			name = Debug;
		};
		D0C6FEB521EEC791006000EF /* Release */ = {
			isa = XCBuildConfiguration;
			buildSettings = {
				ALWAYS_SEARCH_USER_PATHS = NO;
				CLANG_ANALYZER_NONNULL = YES;
				CLANG_ANALYZER_NUMBER_OBJECT_CONVERSION = YES_AGGRESSIVE;
				CLANG_CXX_LANGUAGE_STANDARD = "gnu++14";
				CLANG_CXX_LIBRARY = "libc++";
				CLANG_ENABLE_MODULES = YES;
				CLANG_ENABLE_OBJC_ARC = YES;
				CLANG_ENABLE_OBJC_WEAK = YES;
				CLANG_WARN_BLOCK_CAPTURE_AUTORELEASING = YES;
				CLANG_WARN_BOOL_CONVERSION = YES;
				CLANG_WARN_COMMA = YES;
				CLANG_WARN_CONSTANT_CONVERSION = YES;
				CLANG_WARN_DEPRECATED_OBJC_IMPLEMENTATIONS = YES;
				CLANG_WARN_DIRECT_OBJC_ISA_USAGE = YES_ERROR;
				CLANG_WARN_DOCUMENTATION_COMMENTS = YES;
				CLANG_WARN_EMPTY_BODY = YES;
				CLANG_WARN_ENUM_CONVERSION = YES;
				CLANG_WARN_INFINITE_RECURSION = YES;
				CLANG_WARN_INT_CONVERSION = YES;
				CLANG_WARN_NON_LITERAL_NULL_CONVERSION = YES;
				CLANG_WARN_OBJC_IMPLICIT_RETAIN_SELF = YES;
				CLANG_WARN_OBJC_LITERAL_CONVERSION = YES;
				CLANG_WARN_OBJC_ROOT_CLASS = YES_ERROR;
				CLANG_WARN_RANGE_LOOP_ANALYSIS = YES;
				CLANG_WARN_STRICT_PROTOTYPES = YES;
				CLANG_WARN_SUSPICIOUS_MOVE = YES;
				CLANG_WARN_UNGUARDED_AVAILABILITY = YES_AGGRESSIVE;
				CLANG_WARN_UNREACHABLE_CODE = YES;
				CLANG_WARN__DUPLICATE_METHOD_MATCH = YES;
				CODE_SIGN_IDENTITY = "iPhone Developer";
				COPY_PHASE_STRIP = NO;
				DEBUG_INFORMATION_FORMAT = "dwarf-with-dsym";
				ENABLE_NS_ASSERTIONS = NO;
				ENABLE_STRICT_OBJC_MSGSEND = YES;
				GCC_C_LANGUAGE_STANDARD = gnu11;
				GCC_NO_COMMON_BLOCKS = YES;
				GCC_WARN_64_TO_32_BIT_CONVERSION = YES;
				GCC_WARN_ABOUT_RETURN_TYPE = YES_ERROR;
				GCC_WARN_UNDECLARED_SELECTOR = YES;
				GCC_WARN_UNINITIALIZED_AUTOS = YES_AGGRESSIVE;
				GCC_WARN_UNUSED_FUNCTION = YES;
				GCC_WARN_UNUSED_VARIABLE = YES;
				IPHONEOS_DEPLOYMENT_TARGET = 12.0;
				MTL_ENABLE_DEBUG_INFO = NO;
				MTL_FAST_MATH = YES;
				SDKROOT = iphoneos;
				VALIDATE_PRODUCT = YES;
			};
			name = Release;
		};
		D0C6FEB721EEC791006000EF /* Debug */ = {
			isa = XCBuildConfiguration;
			buildSettings = {
				ASSETCATALOG_COMPILER_APPICON_NAME = AppIcon;
				CODE_SIGN_STYLE = Automatic;
				DEVELOPMENT_TEAM = FPQGV2M853;
				INFOPLIST_FILE = "画板/Info.plist";
				LD_RUNPATH_SEARCH_PATHS = (
					"$(inherited)",
					"@executable_path/Frameworks",
				);
				PRODUCT_BUNDLE_IDENTIFIER = "com.haier.--";
				PRODUCT_NAME = "$(TARGET_NAME)";
				TARGETED_DEVICE_FAMILY = "1,2";
			};
			name = Debug;
		};
		D0C6FEB821EEC791006000EF /* Release */ = {
			isa = XCBuildConfiguration;
			buildSettings = {
				ASSETCATALOG_COMPILER_APPICON_NAME = AppIcon;
				CODE_SIGN_STYLE = Automatic;
				DEVELOPMENT_TEAM = FPQGV2M853;
				INFOPLIST_FILE = "画板/Info.plist";
				LD_RUNPATH_SEARCH_PATHS = (
					"$(inherited)",
					"@executable_path/Frameworks",
				);
				PRODUCT_BUNDLE_IDENTIFIER = "com.haier.--";
				PRODUCT_NAME = "$(TARGET_NAME)";
				TARGETED_DEVICE_FAMILY = "1,2";
			};
			name = Release;
		};
/* End XCBuildConfiguration section */

/* Begin XCConfigurationList section */
		D0C6FE9B21EEC790006000EF /* Build configuration list for PBXProject "画板" */ = {
			isa = XCConfigurationList;
			buildConfigurations = (
				D0C6FEB421EEC791006000EF /* Debug */,
				D0C6FEB521EEC791006000EF /* Release */,
			);
			defaultConfigurationIsVisible = 0;
			defaultConfigurationName = Release;
		};
		D0C6FEB621EEC791006000EF /* Build configuration list for PBXNativeTarget "画板" */ = {
			isa = XCConfigurationList;
			buildConfigurations = (
				D0C6FEB721EEC791006000EF /* Debug */,
				D0C6FEB821EEC791006000EF /* Release */,
			);
			defaultConfigurationIsVisible = 0;
			defaultConfigurationName = Release;
		};
/* End XCConfigurationList section */
	};
	rootObject = D0C6FE9821EEC790006000EF /* Project object */;
}
